{
    "requires": true,
    "lockfileVersion": 1,
    "dependencies": {
        "ansicolors": {
            "version": "0.2.1",
            "resolved": "https://registry.npmjs.org/ansicolors/-/ansicolors-0.2.1.tgz",
            "integrity": "sha1-vgiVmQl7dKXJxKhKDNvNtivYeu8="
        },
        "async": {
            "version": "2.6.3",
            "resolved": "https://registry.npmjs.org/async/-/async-2.6.3.tgz",
            "integrity": "sha512-zflvls11DCy+dQWzTW2dzuilv8Z5X/pjfmZOWba6TNIVDm+2UDaJmXSOXlasHKfNBs8oo3M0aT50fDEWfKZjXg==",
            "requires": {
                "lodash": "^4.17.14"
            }
        },
        "body-parser": {
            "version": "1.19.0",
            "resolved": "https://registry.npmjs.org/body-parser/-/body-parser-1.19.0.tgz",
            "integrity": "sha512-dhEPs72UPbDnAQJ9ZKMNTP6ptJaionhP5cBb541nXPlW60Jepo9RV/a4fX4XWW9CuFNK22krhrj1+rgzifNCsw==",
            "requires": {
                "bytes": "3.1.0",
                "content-type": "~1.0.4",
                "debug": "2.6.9",
                "depd": "~1.1.2",
                "http-errors": "1.7.2",
                "iconv-lite": "0.4.24",
                "on-finished": "~2.3.0",
                "qs": "6.7.0",
                "raw-body": "2.4.0",
                "type-is": "~1.6.17"
            }
        },
        "bytes": {
            "version": "3.1.0",
            "resolved": "https://registry.npmjs.org/bytes/-/bytes-3.1.0.tgz",
            "integrity": "sha512-zauLjrfCG+xvoyaqLoV8bLVXXNGC4JqlxFCutSDWA6fJrTo2ZuvLYTqZ7aHBLZSMOopbzwv8f+wZcVzfVTI2Dg=="
        },
        "cardinal": {
            "version": "1.0.0",
            "resolved": "https://registry.npmjs.org/cardinal/-/cardinal-1.0.0.tgz",
            "integrity": "sha1-UOIcGwqjdyn5N33vGWtanOyTLuk=",
            "requires": {
                "ansicolors": "~0.2.1",
                "redeyed": "~1.0.0"
            }
        },
        "commander": {
            "version": "2.20.3",
            "resolved": "https://registry.npmjs.org/commander/-/commander-2.20.3.tgz",
            "integrity": "sha512-GpVkmM8vF2vQUkj2LvZmD35JxeJOLCwJ9cUkugyk2nuhbv3+mJvpLYYt+0+USMxE+oj+ey/lJEnhZw75x/OMcQ=="
        },
        "content-type": {
            "version": "1.0.4",
            "resolved": "https://registry.npmjs.org/content-type/-/content-type-1.0.4.tgz",
            "integrity": "sha512-hIP3EEPs8tB9AT1L+NUqtwOAps4mk2Zob89MWXMHjHWg9milF/j4osnnQLXBCBFBk/tvIG/tUc9mOUJiPBhPXA=="
        },
        "css-mediaquery": {
            "version": "0.1.2",
            "resolved": "https://registry.npmjs.org/css-mediaquery/-/css-mediaquery-0.1.2.tgz",
            "integrity": "sha1-aiw3NEkoYYYxxUvTPO3TAdoYvqA="
        },
        "csv-parse": {
            "version": "4.14.1",
            "resolved": "https://registry.npmjs.org/csv-parse/-/csv-parse-4.14.1.tgz",
            "integrity": "sha512-4wmcO7QbWtDAncGFaBwlWFPhEN4Akr64IbM4zvDwEOFekI8blLc04Nw7XjQjtSNy+3AUAgBgtUa9nWo5Cq89Xg=="
        },
        "d3": {
            "version": "4.13.0",
            "resolved": "https://registry.npmjs.org/d3/-/d3-4.13.0.tgz",
            "integrity": "sha512-l8c4+0SldjVKLaE2WG++EQlqD7mh/dmQjvi2L2lKPadAVC+TbJC4ci7Uk9bRi+To0+ansgsS0iWfPjD7DBy+FQ==",
            "requires": {
                "d3-array": "1.2.1",
                "d3-axis": "1.0.8",
                "d3-brush": "1.0.4",
                "d3-chord": "1.0.4",
                "d3-collection": "1.0.4",
                "d3-color": "1.0.3",
                "d3-dispatch": "1.0.3",
                "d3-drag": "1.2.1",
                "d3-dsv": "1.0.8",
                "d3-ease": "1.0.3",
                "d3-force": "1.1.0",
                "d3-format": "1.2.2",
                "d3-geo": "1.9.1",
                "d3-hierarchy": "1.1.5",
                "d3-interpolate": "1.1.6",
                "d3-path": "1.0.5",
                "d3-polygon": "1.0.3",
                "d3-quadtree": "1.0.3",
                "d3-queue": "3.0.7",
                "d3-random": "1.1.0",
                "d3-request": "1.0.6",
                "d3-scale": "1.0.7",
                "d3-selection": "1.3.0",
                "d3-shape": "1.2.0",
                "d3-time": "1.0.8",
                "d3-time-format": "2.1.1",
                "d3-timer": "1.0.7",
                "d3-transition": "1.1.1",
                "d3-voronoi": "1.1.2",
                "d3-zoom": "1.7.1"
            }
        },
        "d3-array": {
            "version": "1.2.1",
            "resolved": "https://registry.npmjs.org/d3-array/-/d3-array-1.2.1.tgz",
            "integrity": "sha512-CyINJQ0SOUHojDdFDH4JEM0552vCR1utGyLHegJHyYH0JyCpSeTPxi4OBqHMA2jJZq4NH782LtaJWBImqI/HBw=="
        },
        "d3-axis": {
            "version": "1.0.8",
            "resolved": "https://registry.npmjs.org/d3-axis/-/d3-axis-1.0.8.tgz",
            "integrity": "sha1-MacFoLU15ldZ3hQXOjGTMTfxjvo="
        },
        "d3-brush": {
            "version": "1.0.4",
            "resolved": "https://registry.npmjs.org/d3-brush/-/d3-brush-1.0.4.tgz",
            "integrity": "sha1-AMLyOAGfJPbAoZSibUGhUw/+e8Q=",
            "requires": {
                "d3-dispatch": "1",
                "d3-drag": "1",
                "d3-interpolate": "1",
                "d3-selection": "1",
                "d3-transition": "1"
            }
        },
        "d3-chord": {
            "version": "1.0.4",
            "resolved": "https://registry.npmjs.org/d3-chord/-/d3-chord-1.0.4.tgz",
            "integrity": "sha1-fexPC6iG9xP+ERxF92NBT290yiw=",
            "requires": {
                "d3-array": "1",
                "d3-path": "1"
            }
        },
        "d3-collection": {
            "version": "1.0.4",
            "resolved": "https://registry.npmjs.org/d3-collection/-/d3-collection-1.0.4.tgz",
            "integrity": "sha1-NC39EoN8kJdPM/HMCnha6lcNzcI="
        },
        "d3-color": {
            "version": "1.0.3",
            "resolved": "https://registry.npmjs.org/d3-color/-/d3-color-1.0.3.tgz",
            "integrity": "sha1-vHZD/KjlOoNH4vva/6I2eWtYUJs="
        },
        "d3-dispatch": {
            "version": "1.0.3",
            "resolved": "https://registry.npmjs.org/d3-dispatch/-/d3-dispatch-1.0.3.tgz",
            "integrity": "sha1-RuFJHqqbWMNY/OW+TovtYm54cfg="
        },
        "d3-drag": {
            "version": "1.2.1",
            "resolved": "https://registry.npmjs.org/d3-drag/-/d3-drag-1.2.1.tgz",
            "integrity": "sha512-Cg8/K2rTtzxzrb0fmnYOUeZHvwa4PHzwXOLZZPwtEs2SKLLKLXeYwZKBB+DlOxUvFmarOnmt//cU4+3US2lyyQ==",
            "requires": {
                "d3-dispatch": "1",
                "d3-selection": "1"
            }
        },
        "d3-dsv": {
            "version": "1.0.8",
            "resolved": "https://registry.npmjs.org/d3-dsv/-/d3-dsv-1.0.8.tgz",
            "integrity": "sha512-IVCJpQ+YGe3qu6odkPQI0KPqfxkhbP/oM1XhhE/DFiYmcXKfCRub4KXyiuehV1d4drjWVXHUWx4gHqhdZb6n/A==",
            "requires": {
                "commander": "2",
                "iconv-lite": "0.4",
                "rw": "1"
            }
        },
        "d3-ease": {
            "version": "1.0.3",
            "resolved": "https://registry.npmjs.org/d3-ease/-/d3-ease-1.0.3.tgz",
            "integrity": "sha1-aL+8NJM4o4DETYrMT7wzBKotjA4="
        },
        "d3-force": {
            "version": "1.1.0",
            "resolved": "https://registry.npmjs.org/d3-force/-/d3-force-1.1.0.tgz",
            "integrity": "sha512-2HVQz3/VCQs0QeRNZTYb7GxoUCeb6bOzMp/cGcLa87awY9ZsPvXOGeZm0iaGBjXic6I1ysKwMn+g+5jSAdzwcg==",
            "requires": {
                "d3-collection": "1",
                "d3-dispatch": "1",
                "d3-quadtree": "1",
                "d3-timer": "1"
            }
        },
        "d3-format": {
            "version": "1.2.2",
            "resolved": "https://registry.npmjs.org/d3-format/-/d3-format-1.2.2.tgz",
            "integrity": "sha512-zH9CfF/3C8zUI47nsiKfD0+AGDEuM8LwBIP7pBVpyR4l/sKkZqITmMtxRp04rwBrlshIZ17XeFAaovN3++wzkw=="
        },
        "d3-geo": {
            "version": "1.9.1",
            "resolved": "https://registry.npmjs.org/d3-geo/-/d3-geo-1.9.1.tgz",
            "integrity": "sha512-l9wL/cEQkyZQYXw3xbmLsH3eQ5ij+icNfo4r0GrLa5rOCZR/e/3am45IQ0FvQ5uMsv+77zBRunLc9ufTWSQYFA==",
            "requires": {
                "d3-array": "1"
            }
        },
        "d3-hierarchy": {
            "version": "1.1.5",
            "resolved": "https://registry.npmjs.org/d3-hierarchy/-/d3-hierarchy-1.1.5.tgz",
            "integrity": "sha1-ochFxC+Eoga88cAcAQmOpN2qeiY="
        },
        "d3-interpolate": {
            "version": "1.1.6",
            "resolved": "https://registry.npmjs.org/d3-interpolate/-/d3-interpolate-1.1.6.tgz",
            "integrity": "sha512-mOnv5a+pZzkNIHtw/V6I+w9Lqm9L5bG3OTXPM5A+QO0yyVMQ4W1uZhR+VOJmazaOZXri2ppbiZ5BUNWT0pFM9A==",
            "requires": {
                "d3-color": "1"
            }
        },
        "d3-path": {
            "version": "1.0.5",
            "resolved": "https://registry.npmjs.org/d3-path/-/d3-path-1.0.5.tgz",
            "integrity": "sha1-JB6xhJvZ6egCHA0KeZ+KDo5EF2Q="
        },
        "d3-polygon": {
            "version": "1.0.3",
            "resolved": "https://registry.npmjs.org/d3-polygon/-/d3-polygon-1.0.3.tgz",
            "integrity": "sha1-FoiOkCZGCTPysXllKtN4Ik04LGI="
        },
        "d3-quadtree": {
            "version": "1.0.3",
            "resolved": "https://registry.npmjs.org/d3-quadtree/-/d3-quadtree-1.0.3.tgz",
            "integrity": "sha1-rHmH4+I/6AWpkPKOG1DTj8uCJDg="
        },
        "d3-queue": {
            "version": "3.0.7",
            "resolved": "https://registry.npmjs.org/d3-queue/-/d3-queue-3.0.7.tgz",
            "integrity": "sha1-yTouVLQXwJWRKdfXP2z31Ckudhg="
        },
        "d3-random": {
            "version": "1.1.0",
            "resolved": "https://registry.npmjs.org/d3-random/-/d3-random-1.1.0.tgz",
            "integrity": "sha1-ZkLlBsb6OmSFldKyRpeIqNElKdM="
        },
        "d3-request": {
            "version": "1.0.6",
            "resolved": "https://registry.npmjs.org/d3-request/-/d3-request-1.0.6.tgz",
            "integrity": "sha512-FJj8ySY6GYuAJHZMaCQ83xEYE4KbkPkmxZ3Hu6zA1xxG2GD+z6P+Lyp+zjdsHf0xEbp2xcluDI50rCS855EQ6w==",
            "requires": {
                "d3-collection": "1",
                "d3-dispatch": "1",
                "d3-dsv": "1",
                "xmlhttprequest": "1"
            }
        },
        "d3-scale": {
            "version": "1.0.7",
            "resolved": "https://registry.npmjs.org/d3-scale/-/d3-scale-1.0.7.tgz",
            "integrity": "sha512-KvU92czp2/qse5tUfGms6Kjig0AhHOwkzXG0+PqIJB3ke0WUv088AHMZI0OssO9NCkXt4RP8yju9rpH8aGB7Lw==",
            "requires": {
                "d3-array": "^1.2.0",
                "d3-collection": "1",
                "d3-color": "1",
                "d3-format": "1",
                "d3-interpolate": "1",
                "d3-time": "1",
                "d3-time-format": "2"
            }
        },
        "d3-selection": {
            "version": "1.3.0",
            "resolved": "https://registry.npmjs.org/d3-selection/-/d3-selection-1.3.0.tgz",
            "integrity": "sha512-qgpUOg9tl5CirdqESUAu0t9MU/t3O9klYfGfyKsXEmhyxyzLpzpeh08gaxBUTQw1uXIOkr/30Ut2YRjSSxlmHA=="
        },
        "d3-shape": {
            "version": "1.2.0",
            "resolved": "https://registry.npmjs.org/d3-shape/-/d3-shape-1.2.0.tgz",
            "integrity": "sha1-RdAVOPBkuv0F6j1tLLdI/YxB93c=",
            "requires": {
                "d3-path": "1"
            }
        },
        "d3-time": {
            "version": "1.0.8",
            "resolved": "https://registry.npmjs.org/d3-time/-/d3-time-1.0.8.tgz",
            "integrity": "sha512-YRZkNhphZh3KcnBfitvF3c6E0JOFGikHZ4YqD+Lzv83ZHn1/u6yGenRU1m+KAk9J1GnZMnKcrtfvSktlA1DXNQ=="
        },
        "d3-time-format": {
            "version": "2.1.1",
            "resolved": "https://registry.npmjs.org/d3-time-format/-/d3-time-format-2.1.1.tgz",
            "integrity": "sha512-8kAkymq2WMfzW7e+s/IUNAtN/y3gZXGRrdGfo6R8NKPAA85UBTxZg5E61bR6nLwjPjj4d3zywSQe1CkYLPFyrw==",
            "requires": {
                "d3-time": "1"
            }
        },
        "d3-timer": {
            "version": "1.0.7",
            "resolved": "https://registry.npmjs.org/d3-timer/-/d3-timer-1.0.7.tgz",
            "integrity": "sha512-vMZXR88XujmG/L5oB96NNKH5lCWwiLM/S2HyyAQLcjWJCloK5shxta4CwOFYLZoY3AWX73v8Lgv4cCAdWtRmOA=="
        },
        "d3-transition": {
            "version": "1.1.1",
            "resolved": "https://registry.npmjs.org/d3-transition/-/d3-transition-1.1.1.tgz",
            "integrity": "sha512-xeg8oggyQ+y5eb4J13iDgKIjUcEfIOZs2BqV/eEmXm2twx80wTzJ4tB4vaZ5BKfz7XsI/DFmQL5me6O27/5ykQ==",
            "requires": {
                "d3-color": "1",
                "d3-dispatch": "1",
                "d3-ease": "1",
                "d3-interpolate": "1",
                "d3-selection": "^1.1.0",
                "d3-timer": "1"
            }
        },
        "d3-voronoi": {
            "version": "1.1.2",
            "resolved": "https://registry.npmjs.org/d3-voronoi/-/d3-voronoi-1.1.2.tgz",
            "integrity": "sha1-Fodmfo8TotFYyAwUgMWinLDYlzw="
        },
        "d3-zoom": {
            "version": "1.7.1",
            "resolved": "https://registry.npmjs.org/d3-zoom/-/d3-zoom-1.7.1.tgz",
            "integrity": "sha512-sZHQ55DGq5BZBFGnRshUT8tm2sfhPHFnOlmPbbwTkAoPeVdRTkB4Xsf9GCY0TSHrTD8PeJPZGmP/TpGicwJDJQ==",
            "requires": {
                "d3-dispatch": "1",
                "d3-drag": "1",
                "d3-interpolate": "1",
                "d3-selection": "1",
                "d3-transition": "1"
            }
        },
        "debug": {
            "version": "2.6.9",
            "resolved": "https://registry.npmjs.org/debug/-/debug-2.6.9.tgz",
            "integrity": "sha512-bC7ElrdJaJnPbAP+1EotYvqZsb3ecl5wi6Bfi6BJTUcNowp6cvspg0jXznRTKDjm/E7AdgFBVeAPVMNcKGsHMA==",
            "requires": {
                "ms": "2.0.0"
            }
        },
        "depd": {
            "version": "1.1.2",
            "resolved": "https://registry.npmjs.org/depd/-/depd-1.1.2.tgz",
            "integrity": "sha1-m81S4UwJd2PnSbJ0xDRu0uVgtak="
        },
        "destroy": {
            "version": "1.0.4",
            "resolved": "https://registry.npmjs.org/destroy/-/destroy-1.0.4.tgz",
            "integrity": "sha1-l4hXRCxEdJ5CBmE+N5RiBYJqvYA="
        },
        "ee-first": {
            "version": "1.1.1",
            "resolved": "https://registry.npmjs.org/ee-first/-/ee-first-1.1.1.tgz",
            "integrity": "sha1-WQxhFWsK4vTwJVcyoViyZrxWsh0="
        },
        "encodeurl": {
            "version": "1.0.2",
            "resolved": "https://registry.npmjs.org/encodeurl/-/encodeurl-1.0.2.tgz",
            "integrity": "sha1-rT/0yG7C0CkyL1oCw6mmBslbP1k="
        },
        "escape-html": {
            "version": "1.0.3",
            "resolved": "https://registry.npmjs.org/escape-html/-/escape-html-1.0.3.tgz",
            "integrity": "sha1-Aljq5NPQwJdN4cFpGI7wBR0dGYg="
        },
        "esprima": {
            "version": "3.0.0",
            "resolved": "https://registry.npmjs.org/esprima/-/esprima-3.0.0.tgz",
            "integrity": "sha1-U88kes2ncxPlUcOqLnM0LT+099k="
        },
        "etag": {
            "version": "1.7.0",
            "resolved": "https://registry.npmjs.org/etag/-/etag-1.7.0.tgz",
            "integrity": "sha1-A9MLX2fdbmMtKUXTDWZScxo01dg="
        },
        "eve-raphael": {
            "version": "0.5.0",
            "resolved": "https://registry.npmjs.org/eve-raphael/-/eve-raphael-0.5.0.tgz",
            "integrity": "sha1-F8dUt5K+7z+maE15z1pHxjxM2jA="
        },
        "fresh": {
            "version": "0.3.0",
            "resolved": "https://registry.npmjs.org/fresh/-/fresh-0.3.0.tgz",
            "integrity": "sha1-ZR+DjiJCTnVm3hYdg1jKoZn4PU8="
        },
        "http-errors": {
            "version": "1.7.2",
            "resolved": "https://registry.npmjs.org/http-errors/-/http-errors-1.7.2.tgz",
            "integrity": "sha512-uUQBt3H/cSIVfch6i1EuPNy/YsRSOUBXTVfZ+yR7Zjez3qjBz6i9+i4zjNaoqcoFVI4lQJ5plg63TvGfRSDCRg==",
            "requires": {
                "depd": "~1.1.2",
                "inherits": "2.0.3",
                "setprototypeof": "1.1.1",
                "statuses": ">= 1.5.0 < 2",
                "toidentifier": "1.0.0"
            }
        },
        "humanize": {
            "version": "0.0.9",
            "resolved": "https://registry.npmjs.org/humanize/-/humanize-0.0.9.tgz",
            "integrity": "sha1-GZT/rs3+nEQe0r2sdFK3u0yeQaQ="
        },
        "iconv-lite": {
            "version": "0.4.24",
            "resolved": "https://registry.npmjs.org/iconv-lite/-/iconv-lite-0.4.24.tgz",
            "integrity": "sha512-v3MXnZAcvnywkTUEZomIActle7RXXeedOR31wwl7VlyoXO4Qi9arvSenNQWne1TcRwhCL1HwLI21bEqdpj8/rA==",
            "requires": {
                "safer-buffer": ">= 2.1.2 < 3"
            }
        },
        "inherits": {
            "version": "2.0.3",
            "resolved": "https://registry.npmjs.org/inherits/-/inherits-2.0.3.tgz",
            "integrity": "sha1-Yzwsg+PaQqUC9SRmAiSA9CCCYd4="
        },
        "is-equal": {
            "version": "0.1.0",
            "resolved": "https://registry.npmjs.org/is-equal/-/is-equal-0.1.0.tgz",
            "integrity": "sha1-/Pbg/cncqaTUdouuc7jNqls/q24="
        },
        "jquery": {
            "version": "3.5.1",
            "resolved": "https://registry.npmjs.org/jquery/-/jquery-3.5.1.tgz",
            "integrity": "sha512-XwIBPqcMn57FxfT+Go5pzySnm4KWkT1Tv7gjrpT1srtf8Weynl6R273VJ5GjkRb51IzMp5nbaPjJXMWeju2MKg=="
        },
        "jquery.inputmask": {
            "version": "3.3.4",
            "resolved": "https://registry.npmjs.org/jquery.inputmask/-/jquery.inputmask-3.3.4.tgz",
            "integrity": "sha1-/0qP0Zb5/iihf9d6LaV5wVp4pgY="
        },
        "jsdiff": {
            "version": "1.1.1",
            "resolved": "https://registry.npmjs.org/jsdiff/-/jsdiff-1.1.1.tgz",
            "integrity": "sha1-6qbnwW259kuXnSj5hvocpFeyIuU=",
            "requires": {
                "is-equal": "~0.1.0"
            }
        },
        "jtable": {
            "version": "2.6.0",
            "resolved": "https://registry.npmjs.org/jtable/-/jtable-2.6.0.tgz",
            "integrity": "sha512-J0oWVDUwurEhqg3FKtWuAeAJWYDTmM9wHXmc/MWouJsRa/tfwtERTp5AxAmlVqVUvluFWfhvrfbhxPGPw59FEw=="
        },
        "kendo": {
            "version": "0.14.0",
            "resolved": "https://registry.npmjs.org/kendo/-/kendo-0.14.0.tgz",
            "integrity": "sha1-UdYwVPGHWTzEX+W0J696t74AcU8=",
            "requires": {
                "body-parser": "^1.13.1",
                "send": "^0.13.0",
                "serve-static": "^1.10.0"
            }
        },
        "lodash": {
            "version": "4.17.20",
            "resolved": "https://registry.npmjs.org/lodash/-/lodash-4.17.20.tgz",
            "integrity": "sha512-PlhdFcillOINfeV7Ni6oF1TAEayyZBoZ8bcshTHqOYJYlrqzRK5hagpagky5o4HfCzzd1TRkXPMFq6cKk9rGmA=="
        },
        "maplace-js": {
            "version": "0.2.10",
            "resolved": "https://registry.npmjs.org/maplace-js/-/maplace-js-0.2.10.tgz",
            "integrity": "sha1-/eejFND+2CTQtSezwDnEjVfypzA=",
            "requires": {
                "jquery": "~2.1"
            },
            "dependencies": {
                "jquery": {
                    "version": "2.1.4",
                    "resolved": "https://registry.npmjs.org/jquery/-/jquery-2.1.4.tgz",
                    "integrity": "sha1-IoveaYoMYUMdwmMKahVPFYkNIxc="
                }
            }
        },
        "matchmedia": {
            "version": "0.1.2",
            "resolved": "https://registry.npmjs.org/matchmedia/-/matchmedia-0.1.2.tgz",
            "integrity": "sha1-z9R/K/aPvH9eob06PPFxXsujwb0=",
            "requires": {
                "css-mediaquery": "^0.1.2"
            }
        },
        "media-typer": {
            "version": "0.3.0",
            "resolved": "https://registry.npmjs.org/media-typer/-/media-typer-0.3.0.tgz",
            "integrity": "sha1-hxDXrwqmJvj/+hzgAWhUUmMlV0g="
        },
        "metrics-graphics": {
            "version": "2.15.6",
            "resolved": "https://registry.npmjs.org/metrics-graphics/-/metrics-graphics-2.15.6.tgz",
            "integrity": "sha512-gXis+WpOFocYzcMXa9nDwrd+MJ1hbrDw+Z3KkD1GhYhbwhcl1cxp3YVo3F5ZXJimOrwFWnsKZREjqW5HrNFGcA==",
            "requires": {
                "d3": "^4"
            }
        },
        "microplugin": {
            "version": "0.0.3",
            "resolved": "https://registry.npmjs.org/microplugin/-/microplugin-0.0.3.tgz",
            "integrity": "sha1-H8Lhu3yeGegr2Eu6kTe75xJQ2M0="
        },
        "mime": {
            "version": "1.3.4",
            "resolved": "https://registry.npmjs.org/mime/-/mime-1.3.4.tgz",
            "integrity": "sha1-EV+eO2s9rylZmDyzjxSaLUDrXVM="
        },
        "mime-db": {
            "version": "1.44.0",
            "resolved": "https://registry.npmjs.org/mime-db/-/mime-db-1.44.0.tgz",
            "integrity": "sha512-/NOTfLrsPBVeH7YtFPgsVWveuL+4SjjYxaQ1xtM1KMFj7HdxlBlxeyNLzhyJVx7r4rZGJAZ/6lkKCitSc/Nmpg=="
        },
        "mime-types": {
            "version": "2.1.27",
            "resolved": "https://registry.npmjs.org/mime-types/-/mime-types-2.1.27.tgz",
            "integrity": "sha512-JIhqnCasI9yD+SsmkquHBxTSEuZdQX5BuQnS2Vc7puQQQ+8yiP5AY5uWhpdv4YL4VM5c6iliiYWPgJ/nJQLp7w==",
            "requires": {
                "mime-db": "1.44.0"
            }
        },
        "minimist": {
            "version": "0.0.10",
            "resolved": "https://registry.npmjs.org/minimist/-/minimist-0.0.10.tgz",
            "integrity": "sha1-3j+YVD2/lggr5IrRoMfNqDYwHc8="
        },
        "moment": {
            "version": "2.29.1",
            "resolved": "https://registry.npmjs.org/moment/-/moment-2.29.1.tgz",
            "integrity": "sha512-kHmoybcPV8Sqy59DwNDY3Jefr64lK/by/da0ViFcuA4DH0vQg5Q6Ze5VimxkfQNSC+Mls/Kx53s7TjP1RhFEDQ=="
        },
        "ms": {
            "version": "2.0.0",
            "resolved": "https://registry.npmjs.org/ms/-/ms-2.0.0.tgz",
            "integrity": "sha1-VgiurfwAvmwpAd9fmGF4jeDVl8g="
        },
        "on-finished": {
            "version": "2.3.0",
            "resolved": "https://registry.npmjs.org/on-finished/-/on-finished-2.3.0.tgz",
            "integrity": "sha1-IPEzZIGwg811M3mSoWlxqi2QaUc=",
            "requires": {
                "ee-first": "1.1.1"
            }
        },
        "optimist": {
            "version": "0.6.1",
            "resolved": "https://registry.npmjs.org/optimist/-/optimist-0.6.1.tgz",
            "integrity": "sha1-2j6nRob6IaGaERwybpDrFaAZZoY=",
            "requires": {
                "minimist": "~0.0.1",
                "wordwrap": "~0.0.2"
            }
        },
        "parseurl": {
            "version": "1.3.3",
            "resolved": "https://registry.npmjs.org/parseurl/-/parseurl-1.3.3.tgz",
            "integrity": "sha512-CiyeOxFT/JZyN5m0z9PfXw4SCBJ6Sygz1Dpl0wqjlhDEGGBP1GnsUVEL0p63hoG1fcj3fHynXi9NYO4nWOL+qQ=="
        },
        "parsleyjs": {
            "version": "2.9.2",
            "resolved": "https://registry.npmjs.org/parsleyjs/-/parsleyjs-2.9.2.tgz",
            "integrity": "sha512-DKS2XXTjEUZ1BJWUzgXAr+550kFBZrom2WYweubqdV7WzdNC1hjOajZDfeBPoAZMkXumJPlB3v37IKatbiW8zQ==",
            "requires": {
                "jquery": ">=1.8.0"
            }
        },
        "peity": {
            "version": "3.3.0",
            "resolved": "https://registry.npmjs.org/peity/-/peity-3.3.0.tgz",
            "integrity": "sha512-4QUbLwDpmBFS/f0RdLODU1HgLHJJ2qo9fruRRNFB3DRNi8MCb3yIMLyNUwOLGcMwkN9uqQKacjKJEM7/TZQkFw=="
        },
        "qs": {
            "version": "6.7.0",
            "resolved": "https://registry.npmjs.org/qs/-/qs-6.7.0.tgz",
            "integrity": "sha512-VCdBRNFTX1fyE7Nb6FYoURo/SPe62QCaAyzJvUjwRaIsc+NePBEniHlvxFmmX56+HZphIGtV0XeCirBtpDrTyQ=="
        },
        "range-parser": {
            "version": "1.0.3",
            "resolved": "https://registry.npmjs.org/range-parser/-/range-parser-1.0.3.tgz",
            "integrity": "sha1-aHKCNTXGkuLCoBA4Jq/YLC4P8XU="
        },
        "raphael": {
            "version": "2.3.0",
            "resolved": "https://registry.npmjs.org/raphael/-/raphael-2.3.0.tgz",
            "integrity": "sha512-w2yIenZAQnp257XUWGni4bLMVxpUpcIl7qgxEgDIXtmSypYtlNxfXWpOBxs7LBTps5sDwhRnrToJrMUrivqNTQ==",
            "requires": {
                "eve-raphael": "0.5.0"
            }
        },
        "raw-body": {
            "version": "2.4.0",
            "resolved": "https://registry.npmjs.org/raw-body/-/raw-body-2.4.0.tgz",
            "integrity": "sha512-4Oz8DUIwdvoa5qMJelxipzi/iJIi40O5cGV1wNYp5hvZP8ZN0T+jiNkL0QepXs+EsQ9XJ8ipEDoiH70ySUJP3Q==",
            "requires": {
                "bytes": "3.1.0",
                "http-errors": "1.7.2",
                "iconv-lite": "0.4.24",
                "unpipe": "1.0.0"
            }
        },
        "redeyed": {
            "version": "1.0.1",
            "resolved": "https://registry.npmjs.org/redeyed/-/redeyed-1.0.1.tgz",
            "integrity": "sha1-6WwZO0DAgWsArshCaY5hGF5VSYo=",
            "requires": {
                "esprima": "~3.0.0"
            }
        },
        "requirejs": {
            "version": "2.3.6",
            "resolved": "https://registry.npmjs.org/requirejs/-/requirejs-2.3.6.tgz",
            "integrity": "sha512-ipEzlWQe6RK3jkzikgCupiTbTvm4S0/CAU5GlgptkN5SO6F3u0UD0K18wy6ErDqiCyP4J4YYe1HuAShvsxePLg=="
        },
        "rw": {
            "version": "1.3.3",
            "resolved": "https://registry.npmjs.org/rw/-/rw-1.3.3.tgz",
            "integrity": "sha1-P4Yt+pGrdmsUiF700BEkv9oHT7Q="
        },
        "safer-buffer": {
            "version": "2.1.2",
            "resolved": "https://registry.npmjs.org/safer-buffer/-/safer-buffer-2.1.2.tgz",
            "integrity": "sha512-YZo3K82SD7Riyi0E1EQPojLz7kpepnSQI9IyPbHHg1XXXevb5dJI7tpyN2ADxGcQbHG7vcyRHk0cbwqcQriUtg=="
        },
        "screenfull": {
            "version": "5.0.2",
            "resolved": "https://registry.npmjs.org/screenfull/-/screenfull-5.0.2.tgz",
            "integrity": "sha512-cCF2b+L/mnEiORLN5xSAz6H3t18i2oHh9BA8+CQlAh5DRw2+NFAGQJOSYbcGw8B2k04g/lVvFcfZ83b3ysH5UQ=="
        },
        "send": {
            "version": "0.13.2",
            "resolved": "https://registry.npmjs.org/send/-/send-0.13.2.tgz",
            "integrity": "sha1-dl52B8gFVFK7pvCwUllTUJhgNt4=",
            "requires": {
                "debug": "~2.2.0",
                "depd": "~1.1.0",
                "destroy": "~1.0.4",
                "escape-html": "~1.0.3",
                "etag": "~1.7.0",
                "fresh": "0.3.0",
                "http-errors": "~1.3.1",
                "mime": "1.3.4",
                "ms": "0.7.1",
                "on-finished": "~2.3.0",
                "range-parser": "~1.0.3",
                "statuses": "~1.2.1"
            },
            "dependencies": {
                "debug": {
                    "version": "2.2.0",
                    "resolved": "https://registry.npmjs.org/debug/-/debug-2.2.0.tgz",
                    "integrity": "sha1-+HBX6ZWxofauaklgZkE3vFbwOdo=",
                    "requires": {
                        "ms": "0.7.1"
                    }
                },
                "http-errors": {
                    "version": "1.3.1",
                    "resolved": "https://registry.npmjs.org/http-errors/-/http-errors-1.3.1.tgz",
                    "integrity": "sha1-GX4izevUGYWF6GlO9nhhl7ke2UI=",
                    "requires": {
                        "inherits": "~2.0.1",
                        "statuses": "1"
                    }
                },
                "ms": {
                    "version": "0.7.1",
                    "resolved": "https://registry.npmjs.org/ms/-/ms-0.7.1.tgz",
                    "integrity": "sha1-nNE8A62/8ltl7/3nzoZO6VIBcJg="
                },
                "statuses": {
                    "version": "1.2.1",
                    "resolved": "https://registry.npmjs.org/statuses/-/statuses-1.2.1.tgz",
                    "integrity": "sha1-3e1FzBglbVHtQK7BQkidXGECbSg="
                }
            }
        },
        "serve-static": {
            "version": "1.14.1",
            "resolved": "https://registry.npmjs.org/serve-static/-/serve-static-1.14.1.tgz",
            "integrity": "sha512-JMrvUwE54emCYWlTI+hGrGv5I8dEwmco/00EvkzIIsR7MqrHonbD9pO2MOfFnpFntl7ecpZs+3mW+XbQZu9QCg==",
            "requires": {
                "encodeurl": "~1.0.2",
                "escape-html": "~1.0.3",
                "parseurl": "~1.3.3",
                "send": "0.17.1"
            },
            "dependencies": {
                "etag": {
                    "version": "1.8.1",
                    "resolved": "https://registry.npmjs.org/etag/-/etag-1.8.1.tgz",
                    "integrity": "sha1-Qa4u62XvpiJorr/qg6x9eSmbCIc="
                },
                "fresh": {
                    "version": "0.5.2",
                    "resolved": "https://registry.npmjs.org/fresh/-/fresh-0.5.2.tgz",
                    "integrity": "sha1-PYyt2Q2XZWn6g1qx+OSyOhBWBac="
                },
                "mime": {
                    "version": "1.6.0",
                    "resolved": "https://registry.npmjs.org/mime/-/mime-1.6.0.tgz",
                    "integrity": "sha512-x0Vn8spI+wuJ1O6S7gnbaQg8Pxh4NNHb7KSINmEWKiPE4RKOplvijn+NkmYmmRgP68mc70j2EbeTFRsrswaQeg=="
                },
                "ms": {
                    "version": "2.1.1",
                    "resolved": "https://registry.npmjs.org/ms/-/ms-2.1.1.tgz",
                    "integrity": "sha512-tgp+dl5cGk28utYktBsrFqA7HKgrhgPsg6Z/EfhWI4gl1Hwq8B/GmY/0oXZ6nF8hDVesS/FpnYaD/kOWhYQvyg=="
                },
                "range-parser": {
                    "version": "1.2.1",
                    "resolved": "https://registry.npmjs.org/range-parser/-/range-parser-1.2.1.tgz",
                    "integrity": "sha512-Hrgsx+orqoygnmhFbKaHE6c296J+HTAQXoxEF6gNupROmmGJRoyzfG3ccAveqCBrwr/2yxQ5BVd/GTl5agOwSg=="
                },
                "send": {
                    "version": "0.17.1",
                    "resolved": "https://registry.npmjs.org/send/-/send-0.17.1.tgz",
                    "integrity": "sha512-BsVKsiGcQMFwT8UxypobUKyv7irCNRHk1T0G680vk88yf6LBByGcZJOTJCrTP2xVN6yI+XjPJcNuE3V4fT9sAg==",
                    "requires": {
                        "debug": "2.6.9",
                        "depd": "~1.1.2",
                        "destroy": "~1.0.4",
                        "encodeurl": "~1.0.2",
                        "escape-html": "~1.0.3",
                        "etag": "~1.8.1",
                        "fresh": "0.5.2",
                        "http-errors": "~1.7.2",
                        "mime": "1.6.0",
                        "ms": "2.1.1",
                        "on-finished": "~2.3.0",
                        "range-parser": "~1.2.1",
                        "statuses": "~1.5.0"
                    }
                }
            }
        },
        "setprototypeof": {
            "version": "1.1.1",
            "resolved": "https://registry.npmjs.org/setprototypeof/-/setprototypeof-1.1.1.tgz",
            "integrity": "sha512-JvdAWfbXeIGaZ9cILp38HntZSFSo3mWg6xGcJJsd+d4aRMOqauag1C63dJfDw7OaMYwEbHMOxEZ1lqVRYP2OAw=="
        },
        "sifter": {
            "version": "0.5.4",
            "resolved": "https://registry.npmjs.org/sifter/-/sifter-0.5.4.tgz",
            "integrity": "sha512-t2yxTi/MM/ESup7XH5oMu8PUcttlekt269RqxARgnvS+7D/oP6RyA1x3M/5w8dG9OgkOyQ8hNRWelQ8Rj4TAQQ==",
            "requires": {
                "async": "^2.6.0",
                "cardinal": "^1.0.0",
                "csv-parse": "^4.6.5",
                "humanize": "^0.0.9",
                "optimist": "^0.6.1"
            }
        },
        "statuses": {
            "version": "1.5.0",
            "resolved": "https://registry.npmjs.org/statuses/-/statuses-1.5.0.tgz",
            "integrity": "sha1-Fhx9rBd2Wf2YEfQ3cfqZOBR4Yow="
        },
        "tablesorter": {
            "version": "2.31.3",
            "resolved": "https://registry.npmjs.org/tablesorter/-/tablesorter-2.31.3.tgz",
            "integrity": "sha512-ueEzeKiMajDcCWnUoT1dOeNEaS1OmPh9+8J0O2Sjp3TTijMygH74EA9QNJiNkLJqULyNU0RhbKY26UMUq9iurA==",
            "requires": {
                "jquery": ">=1.2.6"
            }
        },
        "tinymce": {
            "version": "5.5.1",
            "resolved": "https://registry.npmjs.org/tinymce/-/tinymce-5.5.1.tgz",
            "integrity": "sha512-z03C8/0TBby68Kp7YUTSCZ0QJINsFCv9U+Cv3TNHg+T1spZ4V6vOIgD0zeTd/xKqkru0P7IOHoeAnOjfpTLq7g=="
        },
        "toidentifier": {
            "version": "1.0.0",
            "resolved": "https://registry.npmjs.org/toidentifier/-/toidentifier-1.0.0.tgz",
            "integrity": "sha512-yaOH/Pk/VEhBWWTlhI+qXxDFXlejDGcQipMlyxda9nthulaxLZUNcUqFxokp0vcYnvteJln5FNQDRrxj3YcbVw=="
        },
        "transitionize": {
            "version": "0.0.3",
            "resolved": "https://registry.npmjs.org/transitionize/-/transitionize-0.0.3.tgz",
            "integrity": "sha1-+cIVgO32yfkYn2teSwDKTqmzWQI="
        },
        "type-is": {
            "version": "1.6.18",
            "resolved": "https://registry.npmjs.org/type-is/-/type-is-1.6.18.tgz",
            "integrity": "sha512-TkRKr9sUTxEH8MdfuCSP7VizJyzRNMjj2J2do2Jr3Kym598JVdEksuzPQCnlFPW4ky9Q+iA+ma9BGm06XQBy8g==",
            "requires": {
                "media-typer": "0.3.0",
                "mime-types": "~2.1.24"
            }
        },
        "uikit": {
            "version": "3.5.9",
            "resolved": "https://registry.npmjs.org/uikit/-/uikit-3.5.9.tgz",
            "integrity": "sha512-0197WceeBMlCLscsmds6zqL8K3TOtdUCvoHPJEuYqYY2gKa7JttlA6MiyzU0yBPzDlcawXF2TdOmQ/DWy6ZDEw=="
        },
        "unpipe": {
            "version": "1.0.0",
            "resolved": "https://registry.npmjs.org/unpipe/-/unpipe-1.0.0.tgz",
            "integrity": "sha1-sr9O6FFKrmFltIF4KdIbLvSZBOw="
        },
        "weather-icons": {
            "version": "1.3.2",
            "resolved": "https://registry.npmjs.org/weather-icons/-/weather-icons-1.3.2.tgz",
            "integrity": "sha1-isAA+ShYQnJSuAzFega/qCeQCsA="
        },
        "wordwrap": {
            "version": "0.0.3",
            "resolved": "https://registry.npmjs.org/wordwrap/-/wordwrap-0.0.3.tgz",
            "integrity": "sha1-o9XabNXAvAAI03I0u68b7WMFkQc="
        },
        "xmlhttprequest": {
            "version": "1.8.0",
            "resolved": "https://registry.npmjs.org/xmlhttprequest/-/xmlhttprequest-1.8.0.tgz",
            "integrity": "sha1-Z/4HXFwk/vOfnWX197f+dRcZaPw="
        }
    }
}
